{
  "name": "@bedrockio/instrumentation",
  "version": "1.0.0",
  "lockfileVersion": 1,
  "requires": true,
  "dependencies": {
    "@opentelemetry/context-base": {
      "version": "0.14.0",
      "resolved": "https://registry.npmjs.org/@opentelemetry/context-base/-/context-base-0.14.0.tgz",
      "integrity": "sha512-sDOAZcYwynHFTbLo6n8kIbLiVF3a3BLkrmehJUyEbT9F+Smbi47kLGS2gG2g0fjBLR/Lr1InPD7kXL7FaTqEkw=="
    },
    "@opentelemetry/exporter-zipkin": {
      "version": "0.14.0",
      "resolved": "https://registry.npmjs.org/@opentelemetry/exporter-zipkin/-/exporter-zipkin-0.14.0.tgz",
      "integrity": "sha512-cg/86iRK64NSGEcWOTzTfqMByyAu8udi3HgcYP2r0WF8JseabfhrlnBp/4/ba4HuoaGe8uXVRmvDT0uAguhO8w==",
      "requires": {
        "@opentelemetry/api": "^0.14.0",
        "@opentelemetry/core": "^0.14.0",
        "@opentelemetry/resources": "^0.14.0",
        "@opentelemetry/tracing": "^0.14.0"
      },
      "dependencies": {
        "@opentelemetry/api": {
          "version": "0.14.0",
          "resolved": "https://registry.npmjs.org/@opentelemetry/api/-/api-0.14.0.tgz",
          "integrity": "sha512-L7RMuZr5LzMmZiQSQDy9O1jo0q+DaLy6XpYJfIGfYSfoJA5qzYwUP3sP1uMIQ549DvxAgM3ng85EaPTM/hUHwQ==",
          "requires": {
            "@opentelemetry/context-base": "^0.14.0"
          }
        },
        "@opentelemetry/core": {
          "version": "0.14.0",
          "resolved": "https://registry.npmjs.org/@opentelemetry/core/-/core-0.14.0.tgz",
          "integrity": "sha512-HJ4VM0cV6c5qjdW7C7koB2IT4ADunCOehxnKFRslQkbDqAEA1w42AZ9679siYALpWYxNqcJyqF2jxCNtfNHa6Q==",
          "requires": {
            "@opentelemetry/api": "^0.14.0",
            "@opentelemetry/context-base": "^0.14.0",
            "semver": "^7.1.3"
          }
        },
        "@opentelemetry/tracing": {
          "version": "0.14.0",
          "resolved": "https://registry.npmjs.org/@opentelemetry/tracing/-/tracing-0.14.0.tgz",
          "integrity": "sha512-sw9lXJQUQO0xaCvHWFUzIhgh2jGFgXubRQ6g1O84Q/ILU93ZMMVt+d97mihcrtBrV89Sy39HF8tAwekjpzv+cA==",
          "requires": {
            "@opentelemetry/api": "^0.14.0",
            "@opentelemetry/context-base": "^0.14.0",
            "@opentelemetry/core": "^0.14.0",
            "@opentelemetry/resources": "^0.14.0",
            "@opentelemetry/semantic-conventions": "^0.14.0"
          }
        }
      }
    },
    "@opentelemetry/resources": {
      "version": "0.14.0",
      "resolved": "https://registry.npmjs.org/@opentelemetry/resources/-/resources-0.14.0.tgz",
      "integrity": "sha512-7XVML4HxvoH6kWY+x0mhMc5m0a2YBvPCTSX7yAqyp9XIGvFpdjzAE2ggJ40DZrL1sPv9f0QYAbnIKFDVLBTfGA==",
      "requires": {
        "@opentelemetry/api": "^0.14.0",
        "@opentelemetry/core": "^0.14.0"
      },
      "dependencies": {
        "@opentelemetry/api": {
          "version": "0.14.0",
          "resolved": "https://registry.npmjs.org/@opentelemetry/api/-/api-0.14.0.tgz",
          "integrity": "sha512-L7RMuZr5LzMmZiQSQDy9O1jo0q+DaLy6XpYJfIGfYSfoJA5qzYwUP3sP1uMIQ549DvxAgM3ng85EaPTM/hUHwQ==",
          "requires": {
            "@opentelemetry/context-base": "^0.14.0"
          }
        },
        "@opentelemetry/core": {
          "version": "0.14.0",
          "resolved": "https://registry.npmjs.org/@opentelemetry/core/-/core-0.14.0.tgz",
          "integrity": "sha512-HJ4VM0cV6c5qjdW7C7koB2IT4ADunCOehxnKFRslQkbDqAEA1w42AZ9679siYALpWYxNqcJyqF2jxCNtfNHa6Q==",
          "requires": {
            "@opentelemetry/api": "^0.14.0",
            "@opentelemetry/context-base": "^0.14.0",
            "semver": "^7.1.3"
          }
        }
      }
    },
    "@opentelemetry/semantic-conventions": {
      "version": "0.14.0",
      "resolved": "https://registry.npmjs.org/@opentelemetry/semantic-conventions/-/semantic-conventions-0.14.0.tgz",
      "integrity": "sha512-iDGRLQwo+ka1ljlLo4KyuUmzsJwtPw+PyCjetQwn3m/pTXjdyWLGOTARBrpQGpkQp7k87RaCCg5AqZaKFU2G6g=="
    },
    "lru-cache": {
      "version": "6.0.0",
      "resolved": "https://registry.npmjs.org/lru-cache/-/lru-cache-6.0.0.tgz",
      "integrity": "sha512-Jo6dJ04CmSjuznwJSS3pUeWmd/H0ffTlkXXgwZi+eq1UCmqQwCh+eLsYOYCwY991i2Fah4h1BEMCx4qThGbsiA==",
      "requires": {
        "yallist": "^4.0.0"
      }
    },
    "semver": {
      "version": "7.3.4",
      "resolved": "https://registry.npmjs.org/semver/-/semver-7.3.4.tgz",
      "integrity": "sha512-tCfb2WLjqFAtXn4KEdxIhalnRtoKFN7nAwj0B3ZXCbQloV2tq5eDbcTmT68JJD3nRJq24/XgxtQKFIpQdtvmVw==",
      "requires": {
        "lru-cache": "^6.0.0"
      }
    },
    "yallist": {
      "version": "4.0.0",
      "resolved": "https://registry.npmjs.org/yallist/-/yallist-4.0.0.tgz",
      "integrity": "sha512-3wdGidZyq5PB084XLES5TpOSRA3wjXAlIWMhum2kRcv/41Sn2emQ0dycQW4uZXLejwKvg6EsvbdlVL+FYEct7A=="
    }
  }
}
